PODS:
  - VLCKit (3.6.0)
  - WebRTC-lib (130.0.0)

DEPENDENCIES:
  - VLCKit
  - WebRTC-lib

SPEC REPOS:
  trunk:
    - VLCKit
    - WebRTC-lib

SPEC CHECKSUMS:
  VLCKit: 0249cc10be7094917f2230468957dbd36f378291
  WebRTC-lib: 73de4fee6337c39be0ab9ddd516dc64bb73cefc5

PODFILE CHECKSUM: 1296bfbd166d7f785fc8b85bc081b0216501026c

COCOAPODS: 1.16.2
